
Microsoft Visual Studio Solution File, Format Version 12.00
Project("{FAE04EC0-301F-11D3-BF4B-00C04F79EFBC}") = "WebApplicationJwtAuthProject", "WebApplicationJwtAuthProject\WebApplicationJwtAuthProject.csproj", "{CE28A50D-8BFD-49AC-B0CC-5C31B43D973D}"
EndProject
Global
	GlobalSection(SolutionConfigurationPlatforms) = preSolution
		Debug|Any CPU = Debug|Any CPU
		Release|Any CPU = Release|Any CPU
	EndGlobalSection
	GlobalSection(ProjectConfigurationPlatforms) = postSolution
		{CE28A50D-8BFD-49AC-B0CC-5C31B43D973D}.Debug|Any CPU.ActiveCfg = Debug|Any CPU
		{CE28A50D-8BFD-49AC-B0CC-5C31B43D973D}.Debug|Any CPU.Build.0 = Debug|Any CPU
		{CE28A50D-8BFD-49AC-B0CC-5C31B43D973D}.Release|Any CPU.ActiveCfg = Release|Any CPU
		{CE28A50D-8BFD-49AC-B0CC-5C31B43D973D}.Release|Any CPU.Build.0 = Release|Any CPU
	EndGlobalSection
EndGlobal
